
Microsoft Visual Studio Solution File, Format Version 12.00
# Visual Studio Version 17
VisualStudioVersion = 17.0.31912.275
MinimumVisualStudioVersion = 10.0.40219.1
Project("{FAE04EC0-301F-11D3-BF4B-00C04F79EFBC}") = "PlateScanner", "PlateScanner\PlateScanner.csproj", "{021F3D50-A305-4970-9391-55CB9E6B169D}"
EndProject
Global
	GlobalSection(SolutionConfigurationPlatforms) = preSolution
		Debug|Any CPU = Debug|Any CPU
		Release|Any CPU = Release|Any CPU
	EndGlobalSection
	GlobalSection(ProjectConfigurationPlatforms) = postSolution
		{021F3D50-A305-4970-9391-55CB9E6B169D}.Debug|Any CPU.ActiveCfg = Debug|Any CPU
		{021F3D50-A305-4970-9391-55CB9E6B169D}.Debug|Any CPU.Build.0 = Debug|Any CPU
		{021F3D50-A305-4970-9391-55CB9E6B169D}.Release|Any CPU.ActiveCfg = Release|Any CPU
		{021F3D50-A305-4970-9391-55CB9E6B169D}.Release|Any CPU.Build.0 = Release|Any CPU
	EndGlobalSection
	GlobalSection(SolutionProperties) = preSolution
		HideSolutionNode = FALSE
	EndGlobalSection
	GlobalSection(ExtensibilityGlobals) = postSolution
		SolutionGuid = {CB397E00-E137-414F-9B16-CFF63702B335}
	EndGlobalSection
EndGlobal
